
Microsoft Visual Studio Solution File, Format Version 12.00
# Visual Studio Version 17
VisualStudioVersion = 17.14.36414.22 d17.14
MinimumVisualStudioVersion = 10.0.40219.1
Project("{FAE04EC0-301F-11D3-BF4B-00C04F79EFBC}") = "K.night", "K.night.csproj", "{F9698103-D336-44A0-8AA4-9A0826DC4FC5}"
EndProject
Global
	GlobalSection(SolutionConfigurationPlatforms) = preSolution
		Debug|Any CPU = Debug|Any CPU
		Release|Any CPU = Release|Any CPU
	EndGlobalSection
	GlobalSection(ProjectConfigurationPlatforms) = postSolution
		{F9698103-D336-44A0-8AA4-9A0826DC4FC5}.Debug|Any CPU.ActiveCfg = Debug|Any CPU
		{F9698103-D336-44A0-8AA4-9A0826DC4FC5}.Debug|Any CPU.Build.0 = Debug|Any CPU
		{F9698103-D336-44A0-8AA4-9A0826DC4FC5}.Release|Any CPU.ActiveCfg = Release|Any CPU
		{F9698103-D336-44A0-8AA4-9A0826DC4FC5}.Release|Any CPU.Build.0 = Release|Any CPU
	EndGlobalSection
	GlobalSection(SolutionProperties) = preSolution
		HideSolutionNode = FALSE
	EndGlobalSection
	GlobalSection(ExtensibilityGlobals) = postSolution
		SolutionGuid = {8FBAA919-2037-4177-A61F-E69290DCEA2B}
	EndGlobalSection
EndGlobal
